
Microsoft Visual Studio Solution File, Format Version 12.00
# Visual Studio Version 16
VisualStudioVersion = 16.0.28803.352
MinimumVisualStudioVersion = 10.0.40219.1
Project("{9A19103F-16F7-4668-BE54-9A1E7A4F7556}") = "EventStoreSample", "EventStoreSample\EventStoreSample.csproj", "{278EDF59-025F-4BC9-BF9D-16CA85E760D5}"
EndProject
Project("{FAE04EC0-301F-11D3-BF4B-00C04F79EFBC}") = "EventStoreConsumer", "EventStoreConsumer\EventStoreConsumer.csproj", "{7617628F-DA63-4762-9F1D-2BC76F23885A}"
EndProject
Global
	GlobalSection(SolutionConfigurationPlatforms) = preSolution
		Debug|Any CPU = Debug|Any CPU
		Release|Any CPU = Release|Any CPU
	EndGlobalSection
	GlobalSection(ProjectConfigurationPlatforms) = postSolution
		{278EDF59-025F-4BC9-BF9D-16CA85E760D5}.Debug|Any CPU.ActiveCfg = Debug|Any CPU
		{278EDF59-025F-4BC9-BF9D-16CA85E760D5}.Debug|Any CPU.Build.0 = Debug|Any CPU
		{278EDF59-025F-4BC9-BF9D-16CA85E760D5}.Release|Any CPU.ActiveCfg = Release|Any CPU
		{278EDF59-025F-4BC9-BF9D-16CA85E760D5}.Release|Any CPU.Build.0 = Release|Any CPU
		{7617628F-DA63-4762-9F1D-2BC76F23885A}.Debug|Any CPU.ActiveCfg = Debug|Any CPU
		{7617628F-DA63-4762-9F1D-2BC76F23885A}.Debug|Any CPU.Build.0 = Debug|Any CPU
		{7617628F-DA63-4762-9F1D-2BC76F23885A}.Release|Any CPU.ActiveCfg = Release|Any CPU
		{7617628F-DA63-4762-9F1D-2BC76F23885A}.Release|Any CPU.Build.0 = Release|Any CPU
	EndGlobalSection
	GlobalSection(SolutionProperties) = preSolution
		HideSolutionNode = FALSE
	EndGlobalSection
	GlobalSection(ExtensibilityGlobals) = postSolution
		SolutionGuid = {3062EB1C-C41D-48BD-8513-20C3A907186D}
	EndGlobalSection
EndGlobal
